
Microsoft Visual Studio Solution File, Format Version 12.00
# Visual Studio Version 17
VisualStudioVersion = 17.9.34723.18
MinimumVisualStudioVersion = 10.0.40219.1
Project("{FAE04EC0-301F-11D3-BF4B-00C04F79EFBC}") = "Arrays", "Arrays\Arrays.csproj", "{F41CFEC8-97CF-497D-9BB0-B5C30D82ADA4}"
EndProject
Global
	GlobalSection(SolutionConfigurationPlatforms) = preSolution
		Debug|Any CPU = Debug|Any CPU
		Release|Any CPU = Release|Any CPU
	EndGlobalSection
	GlobalSection(ProjectConfigurationPlatforms) = postSolution
		{F41CFEC8-97CF-497D-9BB0-B5C30D82ADA4}.Debug|Any CPU.ActiveCfg = Debug|Any CPU
		{F41CFEC8-97CF-497D-9BB0-B5C30D82ADA4}.Debug|Any CPU.Build.0 = Debug|Any CPU
		{F41CFEC8-97CF-497D-9BB0-B5C30D82ADA4}.Release|Any CPU.ActiveCfg = Release|Any CPU
		{F41CFEC8-97CF-497D-9BB0-B5C30D82ADA4}.Release|Any CPU.Build.0 = Release|Any CPU
	EndGlobalSection
	GlobalSection(SolutionProperties) = preSolution
		HideSolutionNode = FALSE
	EndGlobalSection
	GlobalSection(ExtensibilityGlobals) = postSolution
		SolutionGuid = {09300DF7-1BFB-4943-82BE-8734FD923762}
	EndGlobalSection
EndGlobal
